
Microsoft Visual Studio Solution File, Format Version 12.00
# Visual Studio Version 16
VisualStudioVersion = 16.0.31205.134
MinimumVisualStudioVersion = 10.0.40219.1
Project("{FAE04EC0-301F-11D3-BF4B-00C04F79EFBC}") = "DeveloidEventLottery", "DeveloidEventLottery\DeveloidEventLottery.csproj", "{BC63D65C-CB26-4E6D-BECA-609DDB64AB0A}"
EndProject
Global
	GlobalSection(SolutionConfigurationPlatforms) = preSolution
		Debug|Any CPU = Debug|Any CPU
		Release|Any CPU = Release|Any CPU
	EndGlobalSection
	GlobalSection(ProjectConfigurationPlatforms) = postSolution
		{BC63D65C-CB26-4E6D-BECA-609DDB64AB0A}.Debug|Any CPU.ActiveCfg = Debug|Any CPU
		{BC63D65C-CB26-4E6D-BECA-609DDB64AB0A}.Debug|Any CPU.Build.0 = Debug|Any CPU
		{BC63D65C-CB26-4E6D-BECA-609DDB64AB0A}.Release|Any CPU.ActiveCfg = Release|Any CPU
		{BC63D65C-CB26-4E6D-BECA-609DDB64AB0A}.Release|Any CPU.Build.0 = Release|Any CPU
	EndGlobalSection
	GlobalSection(SolutionProperties) = preSolution
		HideSolutionNode = FALSE
	EndGlobalSection
	GlobalSection(ExtensibilityGlobals) = postSolution
		SolutionGuid = {04229F15-0D75-409D-BD36-5C4837B33165}
	EndGlobalSection
EndGlobal
